{
  "version": "5",
  "redirects": {
    "https://esm.sh/@supabase/functions-js@^2.1.0?target=denonext": "https://esm.sh/@supabase/functions-js@2.95.3?target=denonext",
    "https://esm.sh/@supabase/gotrue-js@^2.23.0?target=denonext": "https://esm.sh/@supabase/gotrue-js@2.95.3?target=denonext",
    "https://esm.sh/@supabase/node-fetch@^2.6.14?target=denonext": "https://esm.sh/@supabase/node-fetch@2.6.15?target=denonext",
    "https://esm.sh/@supabase/postgrest-js@^1.1.1?target=denonext": "https://esm.sh/@supabase/postgrest-js@1.21.4?target=denonext",
    "https://esm.sh/@supabase/realtime-js@^2.7.2?target=denonext": "https://esm.sh/@supabase/realtime-js@2.95.3?target=denonext",
    "https://esm.sh/@supabase/storage-js@^2.5.1?target=denonext": "https://esm.sh/@supabase/storage-js@2.95.3?target=denonext",
    "https://esm.sh/iceberg-js@^0.8.1?target=denonext": "https://esm.sh/iceberg-js@0.8.1?target=denonext",
    "https://esm.sh/tr46@~0.0.3?target=denonext": "https://esm.sh/tr46@0.0.3?target=denonext",
    "https://esm.sh/webidl-conversions@^3.0.0?target=denonext": "https://esm.sh/webidl-conversions@3.0.1?target=denonext",
    "https://esm.sh/whatwg-url@^5.0.0?target=denonext": "https://esm.sh/whatwg-url@5.0.0?target=denonext"
  },
  "remote": {
    "https://esm.sh/@supabase/functions-js@2.95.3/denonext/functions-js.mjs": "65c505a80e2859dd8ccfa11b179bc51ac68f914fdd13b56294a1f7b70786638a",
    "https://esm.sh/@supabase/functions-js@2.95.3?target=denonext": "ff9a008fcd3f5c1e5eb104901d1a5953947ce06621ab4d77d7e26eac3a17435c",
    "https://esm.sh/@supabase/gotrue-js@2.95.3/denonext/gotrue-js.mjs": "910522e0e0fbd3d1682c023dcc1f76e38c46da012576a4c78f7786f62b8115f3",
    "https://esm.sh/@supabase/gotrue-js@2.95.3?target=denonext": "93c9da3c2113bd83dea7083b8181918810e0a2ee1bb749b791f10fe6c3a34d19",
    "https://esm.sh/@supabase/node-fetch@2.6.15/denonext/node-fetch.mjs": "0bae9052231f4f6dbccc7234d05ea96923dbf967be12f402764580b6bf9f713d",
    "https://esm.sh/@supabase/node-fetch@2.6.15?target=denonext": "4d28c4ad97328403184353f68434f2b6973971507919e9150297413664919cf3",
    "https://esm.sh/@supabase/postgrest-js@1.21.4/denonext/postgrest-js.mjs": "c3769b11ef02debc78ecf6ab4e152d3cf7dbd05bbbafeb72c160e76cc57cda3c",
    "https://esm.sh/@supabase/postgrest-js@1.21.4?target=denonext": "db2315bc0ff19690cd4239c5adb5f5787f5dea04955058ef1fca541d49555ed6",
    "https://esm.sh/@supabase/realtime-js@2.95.3/denonext/realtime-js.mjs": "51bd35a5d48b0048aed9a3ab5b1d07e6c690873d8aa11a9b624bb7cedfd14260",
    "https://esm.sh/@supabase/realtime-js@2.95.3?target=denonext": "f7584dede1d1923742d6abc9a3f9d7df5eed851b5a489234d736753db80b0955",
    "https://esm.sh/@supabase/storage-js@2.95.3/denonext/storage-js.mjs": "2927fc6f888bb67a7d319f46d5a9fb6921da0cd8fdcca22b41ed6b0aa183308e",
    "https://esm.sh/@supabase/storage-js@2.95.3?target=denonext": "76d7b78e05f21d93cef3b42d47de6e3e94802f20439394d4273524443a65efbc",
    "https://esm.sh/@supabase/supabase-js@2.21.0": "f137b1c1e63db6d0b00645041d5c2b16bc8ce83109e240daacea3a080e6c8d41",
    "https://esm.sh/@supabase/supabase-js@2.21.0/denonext/supabase-js.mjs": "5f6bbdd5249b60bd82d5a3dba954d6da8f94e97e4dd0fb2125af1237f33edba1",
    "https://esm.sh/iceberg-js@0.8.1/denonext/iceberg-js.mjs": "d839d81a2e3966500ca2cdd0c1cb458e9608bacfc91f7bb67a69b2e878dcdb4f",
    "https://esm.sh/iceberg-js@0.8.1?target=denonext": "58c849d7fe2bf4eca4a84eb501e83c161a7d8c34ca1bec15a962b3bec3062633",
    "https://esm.sh/tr46@0.0.3/denonext/tr46.mjs": "5753ec0a99414f4055f0c1f97691100f13d88e48a8443b00aebb90a512785fa2",
    "https://esm.sh/tr46@0.0.3?target=denonext": "19cb9be0f0d418a0c3abb81f2df31f080e9540a04e43b0f699bce1149cba0cbb",
    "https://esm.sh/tslib@2.8.1/denonext/tslib.mjs": "ebce3cd5facb654623020337f867b426ba95f71596ba87acc9e6c6f4e55905ca",
    "https://esm.sh/webidl-conversions@3.0.1/denonext/webidl-conversions.mjs": "238cd0743827707cbc1c2d7c2cf1027dbc536fb53ec9a3fde0ff8026a3ac5385",
    "https://esm.sh/webidl-conversions@3.0.1?target=denonext": "4e20318d50528084616c79d7b3f6e7f0fe7b6d09013bd01b3974d7448d767e29",
    "https://esm.sh/whatwg-url@5.0.0/denonext/whatwg-url.mjs": "29b16d74ee72624c915745bbd25b617cfd2248c6af0f5120d131e232a9a9af79",
    "https://esm.sh/whatwg-url@5.0.0?target=denonext": "f001a2cadf81312d214ca330033f474e74d81a003e21e8c5d70a1f46dc97b02d"
  }
}
